
Microsoft Visual Studio Solution File, Format Version 12.00
# Visual Studio Version 17
VisualStudioVersion = 17.8.34408.163
MinimumVisualStudioVersion = 10.0.40219.1
Project("{FAE04EC0-301F-11D3-BF4B-00C04F79EFBC}") = "Intel_8086_emulator", "Intel_8086_emulator.csproj", "{75416FAC-3D08-4956-8588-27B336C5197B}"
EndProject
Project("{FAE04EC0-301F-11D3-BF4B-00C04F79EFBC}") = "Test_Intel_8086_emulator", "..\Test_Intel_8086_emulator\Test_Intel_8086_emulator.csproj", "{4480A94F-4D4C-4D0E-B410-2797194E121D}"
EndProject
Global
	GlobalSection(SolutionConfigurationPlatforms) = preSolution
		Debug|Any CPU = Debug|Any CPU
		Release|Any CPU = Release|Any CPU
	EndGlobalSection
	GlobalSection(ProjectConfigurationPlatforms) = postSolution
		{75416FAC-3D08-4956-8588-27B336C5197B}.Debug|Any CPU.ActiveCfg = Debug|Any CPU
		{75416FAC-3D08-4956-8588-27B336C5197B}.Debug|Any CPU.Build.0 = Debug|Any CPU
		{75416FAC-3D08-4956-8588-27B336C5197B}.Release|Any CPU.ActiveCfg = Release|Any CPU
		{75416FAC-3D08-4956-8588-27B336C5197B}.Release|Any CPU.Build.0 = Release|Any CPU
		{4480A94F-4D4C-4D0E-B410-2797194E121D}.Debug|Any CPU.ActiveCfg = Debug|Any CPU
		{4480A94F-4D4C-4D0E-B410-2797194E121D}.Debug|Any CPU.Build.0 = Debug|Any CPU
		{4480A94F-4D4C-4D0E-B410-2797194E121D}.Release|Any CPU.ActiveCfg = Release|Any CPU
		{4480A94F-4D4C-4D0E-B410-2797194E121D}.Release|Any CPU.Build.0 = Release|Any CPU
	EndGlobalSection
	GlobalSection(SolutionProperties) = preSolution
		HideSolutionNode = FALSE
	EndGlobalSection
	GlobalSection(ExtensibilityGlobals) = postSolution
		SolutionGuid = {A147214C-EFF8-4371-8303-3B136DF71FFC}
	EndGlobalSection
EndGlobal
